
Microsoft Visual Studio Solution File, Format Version 12.00
# Visual Studio Version 17
VisualStudioVersion = 17.0.31912.275
MinimumVisualStudioVersion = 10.0.40219.1
Project("{9A19103F-16F7-4668-BE54-9A1E7A4F7556}") = "AvocationPlatform-API", "AvocationPlatform-API.csproj", "{962E5F90-3EE0-4541-8B51-9541497911AB}"
EndProject
Project("{2150E333-8FDC-42A3-9474-1A3956D46DE8}") = "01.API", "01.API", "{50EBE663-D8AF-4A46-8C6B-A829D6275EBE}"
EndProject
Project("{2150E333-8FDC-42A3-9474-1A3956D46DE8}") = "03.Database", "03.Database", "{9ADE3B14-B778-4579-80A8-5E12589BE4F4}"
EndProject
Project("{00D1A9C2-B5F0-4AF3-8072-F6C62B433612}") = "AvocationPlatform-Database", "..\AvocationPlatform-Database\AvocationPlatform-Database.sqlproj", "{985FCC84-68DB-42C5-8412-07F9E1C0AA21}"
EndProject
Project("{2150E333-8FDC-42A3-9474-1A3956D46DE8}") = "04.Common", "04.Common", "{98F541BB-CB5D-41FF-9FE2-8F484B0123D7}"
EndProject
Project("{9A19103F-16F7-4668-BE54-9A1E7A4F7556}") = "AvocationPlatform-Models", "..\AvocationPlatform-Models\AvocationPlatform-Models.csproj", "{1A4ACD7E-56C1-4079-AA0D-7AFC102EBE4E}"
EndProject
Project("{9A19103F-16F7-4668-BE54-9A1E7A4F7556}") = "AvocationPlatform-DatabaseAccess", "..\AvocationPlatform-DatabaseAccess\AvocationPlatform-DatabaseAccess.csproj", "{7379FF11-0DED-4ABB-AB71-5C529287D9CF}"
EndProject
Project("{2150E333-8FDC-42A3-9474-1A3956D46DE8}") = "02.Security", "02.Security", "{A6F02E43-34B9-4A84-90A3-258EE2372691}"
EndProject
Project("{9A19103F-16F7-4668-BE54-9A1E7A4F7556}") = "AvocationPlatform-Security", "..\AvocationPlatform-Security\AvocationPlatform-Security.csproj", "{D34603F5-CD11-43C2-BD0F-FD8E2F423C48}"
EndProject
Project("{FAE04EC0-301F-11D3-BF4B-00C04F79EFBC}") = "AvocationPlatform-Services", "..\AvocationPlatform-Services\AvocationPlatform-Services.csproj", "{39BB943D-9D9B-4166-AB1F-9B094169E6D3}"
EndProject
Global
	GlobalSection(SolutionConfigurationPlatforms) = preSolution
		Debug|Any CPU = Debug|Any CPU
		Release|Any CPU = Release|Any CPU
	EndGlobalSection
	GlobalSection(ProjectConfigurationPlatforms) = postSolution
		{962E5F90-3EE0-4541-8B51-9541497911AB}.Debug|Any CPU.ActiveCfg = Debug|Any CPU
		{962E5F90-3EE0-4541-8B51-9541497911AB}.Debug|Any CPU.Build.0 = Debug|Any CPU
		{962E5F90-3EE0-4541-8B51-9541497911AB}.Release|Any CPU.ActiveCfg = Release|Any CPU
		{962E5F90-3EE0-4541-8B51-9541497911AB}.Release|Any CPU.Build.0 = Release|Any CPU
		{985FCC84-68DB-42C5-8412-07F9E1C0AA21}.Debug|Any CPU.ActiveCfg = Debug|Any CPU
		{985FCC84-68DB-42C5-8412-07F9E1C0AA21}.Debug|Any CPU.Build.0 = Debug|Any CPU
		{985FCC84-68DB-42C5-8412-07F9E1C0AA21}.Debug|Any CPU.Deploy.0 = Debug|Any CPU
		{985FCC84-68DB-42C5-8412-07F9E1C0AA21}.Release|Any CPU.ActiveCfg = Release|Any CPU
		{985FCC84-68DB-42C5-8412-07F9E1C0AA21}.Release|Any CPU.Build.0 = Release|Any CPU
		{985FCC84-68DB-42C5-8412-07F9E1C0AA21}.Release|Any CPU.Deploy.0 = Release|Any CPU
		{1A4ACD7E-56C1-4079-AA0D-7AFC102EBE4E}.Debug|Any CPU.ActiveCfg = Debug|Any CPU
		{1A4ACD7E-56C1-4079-AA0D-7AFC102EBE4E}.Debug|Any CPU.Build.0 = Debug|Any CPU
		{1A4ACD7E-56C1-4079-AA0D-7AFC102EBE4E}.Release|Any CPU.ActiveCfg = Release|Any CPU
		{1A4ACD7E-56C1-4079-AA0D-7AFC102EBE4E}.Release|Any CPU.Build.0 = Release|Any CPU
		{7379FF11-0DED-4ABB-AB71-5C529287D9CF}.Debug|Any CPU.ActiveCfg = Debug|Any CPU
		{7379FF11-0DED-4ABB-AB71-5C529287D9CF}.Debug|Any CPU.Build.0 = Debug|Any CPU
		{7379FF11-0DED-4ABB-AB71-5C529287D9CF}.Release|Any CPU.ActiveCfg = Release|Any CPU
		{7379FF11-0DED-4ABB-AB71-5C529287D9CF}.Release|Any CPU.Build.0 = Release|Any CPU
		{D34603F5-CD11-43C2-BD0F-FD8E2F423C48}.Debug|Any CPU.ActiveCfg = Debug|Any CPU
		{D34603F5-CD11-43C2-BD0F-FD8E2F423C48}.Debug|Any CPU.Build.0 = Debug|Any CPU
		{D34603F5-CD11-43C2-BD0F-FD8E2F423C48}.Release|Any CPU.ActiveCfg = Release|Any CPU
		{D34603F5-CD11-43C2-BD0F-FD8E2F423C48}.Release|Any CPU.Build.0 = Release|Any CPU
		{39BB943D-9D9B-4166-AB1F-9B094169E6D3}.Debug|Any CPU.ActiveCfg = Debug|Any CPU
		{39BB943D-9D9B-4166-AB1F-9B094169E6D3}.Debug|Any CPU.Build.0 = Debug|Any CPU
		{39BB943D-9D9B-4166-AB1F-9B094169E6D3}.Release|Any CPU.ActiveCfg = Release|Any CPU
		{39BB943D-9D9B-4166-AB1F-9B094169E6D3}.Release|Any CPU.Build.0 = Release|Any CPU
	EndGlobalSection
	GlobalSection(SolutionProperties) = preSolution
		HideSolutionNode = FALSE
	EndGlobalSection
	GlobalSection(NestedProjects) = preSolution
		{962E5F90-3EE0-4541-8B51-9541497911AB} = {50EBE663-D8AF-4A46-8C6B-A829D6275EBE}
		{985FCC84-68DB-42C5-8412-07F9E1C0AA21} = {9ADE3B14-B778-4579-80A8-5E12589BE4F4}
		{1A4ACD7E-56C1-4079-AA0D-7AFC102EBE4E} = {98F541BB-CB5D-41FF-9FE2-8F484B0123D7}
		{7379FF11-0DED-4ABB-AB71-5C529287D9CF} = {9ADE3B14-B778-4579-80A8-5E12589BE4F4}
		{D34603F5-CD11-43C2-BD0F-FD8E2F423C48} = {A6F02E43-34B9-4A84-90A3-258EE2372691}
		{39BB943D-9D9B-4166-AB1F-9B094169E6D3} = {98F541BB-CB5D-41FF-9FE2-8F484B0123D7}
	EndGlobalSection
	GlobalSection(ExtensibilityGlobals) = postSolution
		SolutionGuid = {816DD6AC-1A8B-4405-AE8C-62F598AC8262}
	EndGlobalSection
EndGlobal
